
Microsoft Visual Studio Solution File, Format Version 12.00
# Visual Studio Version 17
VisualStudioVersion = 17.11.35312.102
MinimumVisualStudioVersion = 10.0.40219.1
Project("{FAE04EC0-301F-11D3-BF4B-00C04F79EFBC}") = "MapApp", "MapApp.csproj", "{CAD8E789-9FCC-49D2-A3B6-C7D5C91EA236}"
EndProject
Global
	GlobalSection(SolutionConfigurationPlatforms) = preSolution
		Debug|Any CPU = Debug|Any CPU
		Release|Any CPU = Release|Any CPU
	EndGlobalSection
	GlobalSection(ProjectConfigurationPlatforms) = postSolution
		{CAD8E789-9FCC-49D2-A3B6-C7D5C91EA236}.Debug|Any CPU.ActiveCfg = Debug|Any CPU
		{CAD8E789-9FCC-49D2-A3B6-C7D5C91EA236}.Debug|Any CPU.Build.0 = Debug|Any CPU
		{CAD8E789-9FCC-49D2-A3B6-C7D5C91EA236}.Release|Any CPU.ActiveCfg = Release|Any CPU
		{CAD8E789-9FCC-49D2-A3B6-C7D5C91EA236}.Release|Any CPU.Build.0 = Release|Any CPU
	EndGlobalSection
	GlobalSection(SolutionProperties) = preSolution
		HideSolutionNode = FALSE
	EndGlobalSection
	GlobalSection(ExtensibilityGlobals) = postSolution
		SolutionGuid = {966C1E8A-750B-46C6-B0AB-E320F2975B6A}
	EndGlobalSection
EndGlobal
